// !$*UTF8*$!
{
	archiveVersion = 1;
	classes = {
	};
	objectVersion = 56;
	objects = {

/* Begin PBXBuildFile section */
		6A030504292BED8D00F5B395 /* ViewController3.swift in Sources */ = {isa = PBXBuildFile; fileRef = 6A030503292BED8D00F5B395 /* ViewController3.swift */; };
		6A4F0612291E852B004D4974 /* AppDelegate.swift in Sources */ = {isa = PBXBuildFile; fileRef = 6A4F0611291E852B004D4974 /* AppDelegate.swift */; };
		6A4F0614291E852B004D4974 /* SceneDelegate.swift in Sources */ = {isa = PBXBuildFile; fileRef = 6A4F0613291E852B004D4974 /* SceneDelegate.swift */; };
		6A4F0616291E852B004D4974 /* ViewController.swift in Sources */ = {isa = PBXBuildFile; fileRef = 6A4F0615291E852B004D4974 /* ViewController.swift */; };
		6A4F0619291E852B004D4974 /* Main.storyboard in Resources */ = {isa = PBXBuildFile; fileRef = 6A4F0617291E852B004D4974 /* Main.storyboard */; };
		6A4F061B291E852D004D4974 /* Assets.xcassets in Resources */ = {isa = PBXBuildFile; fileRef = 6A4F061A291E852D004D4974 /* Assets.xcassets */; };
		6A4F061E291E852D004D4974 /* LaunchScreen.storyboard in Resources */ = {isa = PBXBuildFile; fileRef = 6A4F061C291E852D004D4974 /* LaunchScreen.storyboard */; };
		6A4F0629291E852D004D4974 /* rockPaperScissorsTests.swift in Sources */ = {isa = PBXBuildFile; fileRef = 6A4F0628291E852D004D4974 /* rockPaperScissorsTests.swift */; };
		6A4F0633291E852D004D4974 /* rockPaperScissorsUITests.swift in Sources */ = {isa = PBXBuildFile; fileRef = 6A4F0632291E852D004D4974 /* rockPaperScissorsUITests.swift */; };
		6A4F0635291E852D004D4974 /* rockPaperScissorsUITestsLaunchTests.swift in Sources */ = {isa = PBXBuildFile; fileRef = 6A4F0634291E852D004D4974 /* rockPaperScissorsUITestsLaunchTests.swift */; };
		6ACA38DF292670B8009DB0C4 /* ViewController2.swift in Sources */ = {isa = PBXBuildFile; fileRef = 6ACA38DE292670B8009DB0C4 /* ViewController2.swift */; };
/* End PBXBuildFile section */

/* Begin PBXContainerItemProxy section */
		6A4F0625291E852D004D4974 /* PBXContainerItemProxy */ = {
			isa = PBXContainerItemProxy;
			containerPortal = 6A4F0606291E852B004D4974 /* Project object */;
			proxyType = 1;
			remoteGlobalIDString = 6A4F060D291E852B004D4974;
			remoteInfo = rockPaperScissors;
		};
		6A4F062F291E852D004D4974 /* PBXContainerItemProxy */ = {
			isa = PBXContainerItemProxy;
			containerPortal = 6A4F0606291E852B004D4974 /* Project object */;
			proxyType = 1;
			remoteGlobalIDString = 6A4F060D291E852B004D4974;
			remoteInfo = rockPaperScissors;
		};
/* End PBXContainerItemProxy section */

/* Begin PBXFileReference section */
		6A030503292BED8D00F5B395 /* ViewController3.swift */ = {isa = PBXFileReference; lastKnownFileType = sourcecode.swift; path = ViewController3.swift; sourceTree = "<group>"; };
		6A4F060E291E852B004D4974 /* rockPaperScissors.app */ = {isa = PBXFileReference; explicitFileType = wrapper.application; includeInIndex = 0; path = rockPaperScissors.app; sourceTree = BUILT_PRODUCTS_DIR; };
		6A4F0611291E852B004D4974 /* AppDelegate.swift */ = {isa = PBXFileReference; lastKnownFileType = sourcecode.swift; path = AppDelegate.swift; sourceTree = "<group>"; };
		6A4F0613291E852B004D4974 /* SceneDelegate.swift */ = {isa = PBXFileReference; lastKnownFileType = sourcecode.swift; path = SceneDelegate.swift; sourceTree = "<group>"; };
		6A4F0615291E852B004D4974 /* ViewController.swift */ = {isa = PBXFileReference; lastKnownFileType = sourcecode.swift; path = ViewController.swift; sourceTree = "<group>"; };
		6A4F0618291E852B004D4974 /* Base */ = {isa = PBXFileReference; lastKnownFileType = file.storyboard; name = Base; path = Base.lproj/Main.storyboard; sourceTree = "<group>"; };
		6A4F061A291E852D004D4974 /* Assets.xcassets */ = {isa = PBXFileReference; lastKnownFileType = folder.assetcatalog; path = Assets.xcassets; sourceTree = "<group>"; };
		6A4F061D291E852D004D4974 /* Base */ = {isa = PBXFileReference; lastKnownFileType = file.storyboard; name = Base; path = Base.lproj/LaunchScreen.storyboard; sourceTree = "<group>"; };
		6A4F061F291E852D004D4974 /* Info.plist */ = {isa = PBXFileReference; lastKnownFileType = text.plist.xml; path = Info.plist; sourceTree = "<group>"; };
		6A4F0624291E852D004D4974 /* rockPaperScissorsTests.xctest */ = {isa = PBXFileReference; explicitFileType = wrapper.cfbundle; includeInIndex = 0; path = rockPaperScissorsTests.xctest; sourceTree = BUILT_PRODUCTS_DIR; };
		6A4F0628291E852D004D4974 /* rockPaperScissorsTests.swift */ = {isa = PBXFileReference; lastKnownFileType = sourcecode.swift; path = rockPaperScissorsTests.swift; sourceTree = "<group>"; };
		6A4F062E291E852D004D4974 /* rockPaperScissorsUITests.xctest */ = {isa = PBXFileReference; explicitFileType = wrapper.cfbundle; includeInIndex = 0; path = rockPaperScissorsUITests.xctest; sourceTree = BUILT_PRODUCTS_DIR; };
		6A4F0632291E852D004D4974 /* rockPaperScissorsUITests.swift */ = {isa = PBXFileReference; lastKnownFileType = sourcecode.swift; path = rockPaperScissorsUITests.swift; sourceTree = "<group>"; };
		6A4F0634291E852D004D4974 /* rockPaperScissorsUITestsLaunchTests.swift */ = {isa = PBXFileReference; lastKnownFileType = sourcecode.swift; path = rockPaperScissorsUITestsLaunchTests.swift; sourceTree = "<group>"; };
		6ACA38DE292670B8009DB0C4 /* ViewController2.swift */ = {isa = PBXFileReference; lastKnownFileType = sourcecode.swift; path = ViewController2.swift; sourceTree = "<group>"; };
/* End PBXFileReference section */

/* Begin PBXFrameworksBuildPhase section */
		6A4F060B291E852B004D4974 /* Frameworks */ = {
			isa = PBXFrameworksBuildPhase;
			buildActionMask = 2147483647;
			files = (
			);
			runOnlyForDeploymentPostprocessing = 0;
		};
		6A4F0621291E852D004D4974 /* Frameworks */ = {
			isa = PBXFrameworksBuildPhase;
			buildActionMask = 2147483647;
			files = (
			);
			runOnlyForDeploymentPostprocessing = 0;
		};
		6A4F062B291E852D004D4974 /* Frameworks */ = {
			isa = PBXFrameworksBuildPhase;
			buildActionMask = 2147483647;
			files = (
			);
			runOnlyForDeploymentPostprocessing = 0;
		};
/* End PBXFrameworksBuildPhase section */

/* Begin PBXGroup section */
		6A4F0605291E852B004D4974 = {
			isa = PBXGroup;
			children = (
				6A4F0610291E852B004D4974 /* rockPaperScissors */,
				6A4F0627291E852D004D4974 /* rockPaperScissorsTests */,
				6A4F0631291E852D004D4974 /* rockPaperScissorsUITests */,
				6A4F060F291E852B004D4974 /* Products */,
			);
			sourceTree = "<group>";
		};
		6A4F060F291E852B004D4974 /* Products */ = {
			isa = PBXGroup;
			children = (
				6A4F060E291E852B004D4974 /* rockPaperScissors.app */,
				6A4F0624291E852D004D4974 /* rockPaperScissorsTests.xctest */,
				6A4F062E291E852D004D4974 /* rockPaperScissorsUITests.xctest */,
			);
			name = Products;
			sourceTree = "<group>";
		};
		6A4F0610291E852B004D4974 /* rockPaperScissors */ = {
			isa = PBXGroup;
			children = (
				6A4F0611291E852B004D4974 /* AppDelegate.swift */,
				6A4F0613291E852B004D4974 /* SceneDelegate.swift */,
				6A4F0615291E852B004D4974 /* ViewController.swift */,
				6A4F0617291E852B004D4974 /* Main.storyboard */,
				6A030503292BED8D00F5B395 /* ViewController3.swift */,
				6ACA38DE292670B8009DB0C4 /* ViewController2.swift */,
				6A4F061A291E852D004D4974 /* Assets.xcassets */,
				6A4F061C291E852D004D4974 /* LaunchScreen.storyboard */,
				6A4F061F291E852D004D4974 /* Info.plist */,
			);
			path = rockPaperScissors;
			sourceTree = "<group>";
		};
		6A4F0627291E852D004D4974 /* rockPaperScissorsTests */ = {
			isa = PBXGroup;
			children = (
				6A4F0628291E852D004D4974 /* rockPaperScissorsTests.swift */,
			);
			path = rockPaperScissorsTests;
			sourceTree = "<group>";
		};
		6A4F0631291E852D004D4974 /* rockPaperScissorsUITests */ = {
			isa = PBXGroup;
			children = (
				6A4F0632291E852D004D4974 /* rockPaperScissorsUITests.swift */,
				6A4F0634291E852D004D4974 /* rockPaperScissorsUITestsLaunchTests.swift */,
			);
			path = rockPaperScissorsUITests;
			sourceTree = "<group>";
		};
/* End PBXGroup section */

/* Begin PBXNativeTarget section */
		6A4F060D291E852B004D4974 /* rockPaperScissors */ = {
			isa = PBXNativeTarget;
			buildConfigurationList = 6A4F0638291E852D004D4974 /* Build configuration list for PBXNativeTarget "rockPaperScissors" */;
			buildPhases = (
				6A4F060A291E852B004D4974 /* Sources */,
				6A4F060B291E852B004D4974 /* Frameworks */,
				6A4F060C291E852B004D4974 /* Resources */,
			);
			buildRules = (
			);
			dependencies = (
			);
			name = rockPaperScissors;
			productName = rockPaperScissors;
			productReference = 6A4F060E291E852B004D4974 /* rockPaperScissors.app */;
			productType = "com.apple.product-type.application";
		};
		6A4F0623291E852D004D4974 /* rockPaperScissorsTests */ = {
			isa = PBXNativeTarget;
			buildConfigurationList = 6A4F063B291E852D004D4974 /* Build configuration list for PBXNativeTarget "rockPaperScissorsTests" */;
			buildPhases = (
				6A4F0620291E852D004D4974 /* Sources */,
				6A4F0621291E852D004D4974 /* Frameworks */,
				6A4F0622291E852D004D4974 /* Resources */,
			);
			buildRules = (
			);
			dependencies = (
				6A4F0626291E852D004D4974 /* PBXTargetDependency */,
			);
			name = rockPaperScissorsTests;
			productName = rockPaperScissorsTests;
			productReference = 6A4F0624291E852D004D4974 /* rockPaperScissorsTests.xctest */;
			productType = "com.apple.product-type.bundle.unit-test";
		};
		6A4F062D291E852D004D4974 /* rockPaperScissorsUITests */ = {
			isa = PBXNativeTarget;
			buildConfigurationList = 6A4F063E291E852D004D4974 /* Build configuration list for PBXNativeTarget "rockPaperScissorsUITests" */;
			buildPhases = (
				6A4F062A291E852D004D4974 /* Sources */,
				6A4F062B291E852D004D4974 /* Frameworks */,
				6A4F062C291E852D004D4974 /* Resources */,
			);
			buildRules = (
			);
			dependencies = (
				6A4F0630291E852D004D4974 /* PBXTargetDependency */,
			);
			name = rockPaperScissorsUITests;
			productName = rockPaperScissorsUITests;
			productReference = 6A4F062E291E852D004D4974 /* rockPaperScissorsUITests.xctest */;
			productType = "com.apple.product-type.bundle.ui-testing";
		};
/* End PBXNativeTarget section */

/* Begin PBXProject section */
		6A4F0606291E852B004D4974 /* Project object */ = {
			isa = PBXProject;
			attributes = {
				BuildIndependentTargetsInParallel = 1;
				LastSwiftUpdateCheck = 1400;
				LastUpgradeCheck = 1400;
				TargetAttributes = {
					6A4F060D291E852B004D4974 = {
						CreatedOnToolsVersion = 14.0.1;
					};
					6A4F0623291E852D004D4974 = {
						CreatedOnToolsVersion = 14.0.1;
						TestTargetID = 6A4F060D291E852B004D4974;
					};
					6A4F062D291E852D004D4974 = {
						CreatedOnToolsVersion = 14.0.1;
						TestTargetID = 6A4F060D291E852B004D4974;
					};
				};
			};
			buildConfigurationList = 6A4F0609291E852B004D4974 /* Build configuration list for PBXProject "rockPaperScissors" */;
			compatibilityVersion = "Xcode 14.0";
			developmentRegion = en;
			hasScannedForEncodings = 0;
			knownRegions = (
				en,
				Base,
			);
			mainGroup = 6A4F0605291E852B004D4974;
			productRefGroup = 6A4F060F291E852B004D4974 /* Products */;
			projectDirPath = "";
			projectRoot = "";
			targets = (
				6A4F060D291E852B004D4974 /* rockPaperScissors */,
				6A4F0623291E852D004D4974 /* rockPaperScissorsTests */,
				6A4F062D291E852D004D4974 /* rockPaperScissorsUITests */,
			);
		};
/* End PBXProject section */

/* Begin PBXResourcesBuildPhase section */
		6A4F060C291E852B004D4974 /* Resources */ = {
			isa = PBXResourcesBuildPhase;
			buildActionMask = 2147483647;
			files = (
				6A4F061E291E852D004D4974 /* LaunchScreen.storyboard in Resources */,
				6A4F061B291E852D004D4974 /* Assets.xcassets in Resources */,
				6A4F0619291E852B004D4974 /* Main.storyboard in Resources */,
			);
			runOnlyForDeploymentPostprocessing = 0;
		};
		6A4F0622291E852D004D4974 /* Resources */ = {
			isa = PBXResourcesBuildPhase;
			buildActionMask = 2147483647;
			files = (
			);
			runOnlyForDeploymentPostprocessing = 0;
		};
		6A4F062C291E852D004D4974 /* Resources */ = {
			isa = PBXResourcesBuildPhase;
			buildActionMask = 2147483647;
			files = (
			);
			runOnlyForDeploymentPostprocessing = 0;
		};
/* End PBXResourcesBuildPhase section */

/* Begin PBXSourcesBuildPhase section */
		6A4F060A291E852B004D4974 /* Sources */ = {
			isa = PBXSourcesBuildPhase;
			buildActionMask = 2147483647;
			files = (
				6A030504292BED8D00F5B395 /* ViewController3.swift in Sources */,
				6A4F0616291E852B004D4974 /* ViewController.swift in Sources */,
				6ACA38DF292670B8009DB0C4 /* ViewController2.swift in Sources */,
				6A4F0612291E852B004D4974 /* AppDelegate.swift in Sources */,
				6A4F0614291E852B004D4974 /* SceneDelegate.swift in Sources */,
			);
			runOnlyForDeploymentPostprocessing = 0;
		};
		6A4F0620291E852D004D4974 /* Sources */ = {
			isa = PBXSourcesBuildPhase;
			buildActionMask = 2147483647;
			files = (
				6A4F0629291E852D004D4974 /* rockPaperScissorsTests.swift in Sources */,
			);
			runOnlyForDeploymentPostprocessing = 0;
		};
		6A4F062A291E852D004D4974 /* Sources */ = {
			isa = PBXSourcesBuildPhase;
			buildActionMask = 2147483647;
			files = (
				6A4F0633291E852D004D4974 /* rockPaperScissorsUITests.swift in Sources */,
				6A4F0635291E852D004D4974 /* rockPaperScissorsUITestsLaunchTests.swift in Sources */,
			);
			runOnlyForDeploymentPostprocessing = 0;
		};
/* End PBXSourcesBuildPhase section */

/* Begin PBXTargetDependency section */
		6A4F0626291E852D004D4974 /* PBXTargetDependency */ = {
			isa = PBXTargetDependency;
			target = 6A4F060D291E852B004D4974 /* rockPaperScissors */;
			targetProxy = 6A4F0625291E852D004D4974 /* PBXContainerItemProxy */;
		};
		6A4F0630291E852D004D4974 /* PBXTargetDependency */ = {
			isa = PBXTargetDependency;
			target = 6A4F060D291E852B004D4974 /* rockPaperScissors */;
			targetProxy = 6A4F062F291E852D004D4974 /* PBXContainerItemProxy */;
		};
/* End PBXTargetDependency section */

/* Begin PBXVariantGroup section */
		6A4F0617291E852B004D4974 /* Main.storyboard */ = {
			isa = PBXVariantGroup;
			children = (
				6A4F0618291E852B004D4974 /* Base */,
			);
			name = Main.storyboard;
			sourceTree = "<group>";
		};
		6A4F061C291E852D004D4974 /* LaunchScreen.storyboard */ = {
			isa = PBXVariantGroup;
			children = (
				6A4F061D291E852D004D4974 /* Base */,
			);
			name = LaunchScreen.storyboard;
			sourceTree = "<group>";
		};
/* End PBXVariantGroup section */

/* Begin XCBuildConfiguration section */
		6A4F0636291E852D004D4974 /* Debug */ = {
			isa = XCBuildConfiguration;
			buildSettings = {
				ALWAYS_SEARCH_USER_PATHS = NO;
				CLANG_ANALYZER_NONNULL = YES;
				CLANG_ANALYZER_NUMBER_OBJECT_CONVERSION = YES_AGGRESSIVE;
				CLANG_CXX_LANGUAGE_STANDARD = "gnu++20";
				CLANG_ENABLE_MODULES = YES;
				CLANG_ENABLE_OBJC_ARC = YES;
				CLANG_ENABLE_OBJC_WEAK = YES;
				CLANG_WARN_BLOCK_CAPTURE_AUTORELEASING = YES;
				CLANG_WARN_BOOL_CONVERSION = YES;
				CLANG_WARN_COMMA = YES;
				CLANG_WARN_CONSTANT_CONVERSION = YES;
				CLANG_WARN_DEPRECATED_OBJC_IMPLEMENTATIONS = YES;
				CLANG_WARN_DIRECT_OBJC_ISA_USAGE = YES_ERROR;
				CLANG_WARN_DOCUMENTATION_COMMENTS = YES;
				CLANG_WARN_EMPTY_BODY = YES;
				CLANG_WARN_ENUM_CONVERSION = YES;
				CLANG_WARN_INFINITE_RECURSION = YES;
				CLANG_WARN_INT_CONVERSION = YES;
				CLANG_WARN_NON_LITERAL_NULL_CONVERSION = YES;
				CLANG_WARN_OBJC_IMPLICIT_RETAIN_SELF = YES;
				CLANG_WARN_OBJC_LITERAL_CONVERSION = YES;
				CLANG_WARN_OBJC_ROOT_CLASS = YES_ERROR;
				CLANG_WARN_QUOTED_INCLUDE_IN_FRAMEWORK_HEADER = YES;
				CLANG_WARN_RANGE_LOOP_ANALYSIS = YES;
				CLANG_WARN_STRICT_PROTOTYPES = YES;
				CLANG_WARN_SUSPICIOUS_MOVE = YES;
				CLANG_WARN_UNGUARDED_AVAILABILITY = YES_AGGRESSIVE;
				CLANG_WARN_UNREACHABLE_CODE = YES;
				CLANG_WARN__DUPLICATE_METHOD_MATCH = YES;
				COPY_PHASE_STRIP = NO;
				DEBUG_INFORMATION_FORMAT = dwarf;
				ENABLE_STRICT_OBJC_MSGSEND = YES;
				ENABLE_TESTABILITY = YES;
				GCC_C_LANGUAGE_STANDARD = gnu11;
				GCC_DYNAMIC_NO_PIC = NO;
				GCC_NO_COMMON_BLOCKS = YES;
				GCC_OPTIMIZATION_LEVEL = 0;
				GCC_PREPROCESSOR_DEFINITIONS = (
					"DEBUG=1",
					"$(inherited)",
				);
				GCC_WARN_64_TO_32_BIT_CONVERSION = YES;
				GCC_WARN_ABOUT_RETURN_TYPE = YES_ERROR;
				GCC_WARN_UNDECLARED_SELECTOR = YES;
				GCC_WARN_UNINITIALIZED_AUTOS = YES_AGGRESSIVE;
				GCC_WARN_UNUSED_FUNCTION = YES;
				GCC_WARN_UNUSED_VARIABLE = YES;
				IPHONEOS_DEPLOYMENT_TARGET = 16.0;
				MTL_ENABLE_DEBUG_INFO = INCLUDE_SOURCE;
				MTL_FAST_MATH = YES;
				ONLY_ACTIVE_ARCH = YES;
				SDKROOT = iphoneos;
				SWIFT_ACTIVE_COMPILATION_CONDITIONS = DEBUG;
				SWIFT_OPTIMIZATION_LEVEL = "-Onone";
			};
			name = Debug;
		};
		6A4F0637291E852D004D4974 /* Release */ = {
			isa = XCBuildConfiguration;
			buildSettings = {
				ALWAYS_SEARCH_USER_PATHS = NO;
				CLANG_ANALYZER_NONNULL = YES;
				CLANG_ANALYZER_NUMBER_OBJECT_CONVERSION = YES_AGGRESSIVE;
				CLANG_CXX_LANGUAGE_STANDARD = "gnu++20";
				CLANG_ENABLE_MODULES = YES;
				CLANG_ENABLE_OBJC_ARC = YES;
				CLANG_ENABLE_OBJC_WEAK = YES;
				CLANG_WARN_BLOCK_CAPTURE_AUTORELEASING = YES;
				CLANG_WARN_BOOL_CONVERSION = YES;
				CLANG_WARN_COMMA = YES;
				CLANG_WARN_CONSTANT_CONVERSION = YES;
				CLANG_WARN_DEPRECATED_OBJC_IMPLEMENTATIONS = YES;
				CLANG_WARN_DIRECT_OBJC_ISA_USAGE = YES_ERROR;
				CLANG_WARN_DOCUMENTATION_COMMENTS = YES;
				CLANG_WARN_EMPTY_BODY = YES;
				CLANG_WARN_ENUM_CONVERSION = YES;
				CLANG_WARN_INFINITE_RECURSION = YES;
				CLANG_WARN_INT_CONVERSION = YES;
				CLANG_WARN_NON_LITERAL_NULL_CONVERSION = YES;
				CLANG_WARN_OBJC_IMPLICIT_RETAIN_SELF = YES;
				CLANG_WARN_OBJC_LITERAL_CONVERSION = YES;
				CLANG_WARN_OBJC_ROOT_CLASS = YES_ERROR;
				CLANG_WARN_QUOTED_INCLUDE_IN_FRAMEWORK_HEADER = YES;
				CLANG_WARN_RANGE_LOOP_ANALYSIS = YES;
				CLANG_WARN_STRICT_PROTOTYPES = YES;
				CLANG_WARN_SUSPICIOUS_MOVE = YES;
				CLANG_WARN_UNGUARDED_AVAILABILITY = YES_AGGRESSIVE;
				CLANG_WARN_UNREACHABLE_CODE = YES;
				CLANG_WARN__DUPLICATE_METHOD_MATCH = YES;
				COPY_PHASE_STRIP = NO;
				DEBUG_INFORMATION_FORMAT = "dwarf-with-dsym";
				ENABLE_NS_ASSERTIONS = NO;
				ENABLE_STRICT_OBJC_MSGSEND = YES;
				GCC_C_LANGUAGE_STANDARD = gnu11;
				GCC_NO_COMMON_BLOCKS = YES;
				GCC_WARN_64_TO_32_BIT_CONVERSION = YES;
				GCC_WARN_ABOUT_RETURN_TYPE = YES_ERROR;
				GCC_WARN_UNDECLARED_SELECTOR = YES;
				GCC_WARN_UNINITIALIZED_AUTOS = YES_AGGRESSIVE;
				GCC_WARN_UNUSED_FUNCTION = YES;
				GCC_WARN_UNUSED_VARIABLE = YES;
				IPHONEOS_DEPLOYMENT_TARGET = 16.0;
				MTL_ENABLE_DEBUG_INFO = NO;
				MTL_FAST_MATH = YES;
				SDKROOT = iphoneos;
				SWIFT_COMPILATION_MODE = wholemodule;
				SWIFT_OPTIMIZATION_LEVEL = "-O";
				VALIDATE_PRODUCT = YES;
			};
			name = Release;
		};
		6A4F0639291E852D004D4974 /* Debug */ = {
			isa = XCBuildConfiguration;
			buildSettings = {
				ASSETCATALOG_COMPILER_APPICON_NAME = AppIcon;
				ASSETCATALOG_COMPILER_GLOBAL_ACCENT_COLOR_NAME = AccentColor;
				CODE_SIGN_STYLE = Automatic;
				CURRENT_PROJECT_VERSION = 1;
				DEVELOPMENT_TEAM = J5VT592MMS;
				GENERATE_INFOPLIST_FILE = YES;
				INFOPLIST_FILE = rockPaperScissors/Info.plist;
				INFOPLIST_KEY_UIApplicationSupportsIndirectInputEvents = YES;
				INFOPLIST_KEY_UILaunchStoryboardName = LaunchScreen;
				INFOPLIST_KEY_UIMainStoryboardFile = Main;
				INFOPLIST_KEY_UISupportedInterfaceOrientations_iPad = "UIInterfaceOrientationPortrait UIInterfaceOrientationPortraitUpsideDown UIInterfaceOrientationLandscapeLeft UIInterfaceOrientationLandscapeRight";
				INFOPLIST_KEY_UISupportedInterfaceOrientations_iPhone = "UIInterfaceOrientationPortrait UIInterfaceOrientationLandscapeLeft UIInterfaceOrientationLandscapeRight";
				LD_RUNPATH_SEARCH_PATHS = (
					"$(inherited)",
					"@executable_path/Frameworks",
				);
				MARKETING_VERSION = 1.0;
				PRODUCT_BUNDLE_IDENTIFIER = CLC.rockPaperScissors;
				PRODUCT_NAME = "$(TARGET_NAME)";
				SWIFT_EMIT_LOC_STRINGS = YES;
				SWIFT_VERSION = 5.0;
				TARGETED_DEVICE_FAMILY = "1,2";
			};
			name = Debug;
		};
		6A4F063A291E852D004D4974 /* Release */ = {
			isa = XCBuildConfiguration;
			buildSettings = {
				ASSETCATALOG_COMPILER_APPICON_NAME = AppIcon;
				ASSETCATALOG_COMPILER_GLOBAL_ACCENT_COLOR_NAME = AccentColor;
				CODE_SIGN_STYLE = Automatic;
				CURRENT_PROJECT_VERSION = 1;
				DEVELOPMENT_TEAM = J5VT592MMS;
				GENERATE_INFOPLIST_FILE = YES;
				INFOPLIST_FILE = rockPaperScissors/Info.plist;
				INFOPLIST_KEY_UIApplicationSupportsIndirectInputEvents = YES;
				INFOPLIST_KEY_UILaunchStoryboardName = LaunchScreen;
				INFOPLIST_KEY_UIMainStoryboardFile = Main;
				INFOPLIST_KEY_UISupportedInterfaceOrientations_iPad = "UIInterfaceOrientationPortrait UIInterfaceOrientationPortraitUpsideDown UIInterfaceOrientationLandscapeLeft UIInterfaceOrientationLandscapeRight";
				INFOPLIST_KEY_UISupportedInterfaceOrientations_iPhone = "UIInterfaceOrientationPortrait UIInterfaceOrientationLandscapeLeft UIInterfaceOrientationLandscapeRight";
				LD_RUNPATH_SEARCH_PATHS = (
					"$(inherited)",
					"@executable_path/Frameworks",
				);
				MARKETING_VERSION = 1.0;
				PRODUCT_BUNDLE_IDENTIFIER = CLC.rockPaperScissors;
				PRODUCT_NAME = "$(TARGET_NAME)";
				SWIFT_EMIT_LOC_STRINGS = YES;
				SWIFT_VERSION = 5.0;
				TARGETED_DEVICE_FAMILY = "1,2";
			};
			name = Release;
		};
		6A4F063C291E852D004D4974 /* Debug */ = {
			isa = XCBuildConfiguration;
			buildSettings = {
				ALWAYS_EMBED_SWIFT_STANDARD_LIBRARIES = YES;
				BUNDLE_LOADER = "$(TEST_HOST)";
				CODE_SIGN_STYLE = Automatic;
				CURRENT_PROJECT_VERSION = 1;
				DEVELOPMENT_TEAM = J5VT592MMS;
				GENERATE_INFOPLIST_FILE = YES;
				IPHONEOS_DEPLOYMENT_TARGET = 16.0;
				MARKETING_VERSION = 1.0;
				PRODUCT_BUNDLE_IDENTIFIER = CLC.rockPaperScissorsTests;
				PRODUCT_NAME = "$(TARGET_NAME)";
				SWIFT_EMIT_LOC_STRINGS = NO;
				SWIFT_VERSION = 5.0;
				TARGETED_DEVICE_FAMILY = "1,2";
				TEST_HOST = "$(BUILT_PRODUCTS_DIR)/rockPaperScissors.app/$(BUNDLE_EXECUTABLE_FOLDER_PATH)/rockPaperScissors";
			};
			name = Debug;
		};
		6A4F063D291E852D004D4974 /* Release */ = {
			isa = XCBuildConfiguration;
			buildSettings = {
				ALWAYS_EMBED_SWIFT_STANDARD_LIBRARIES = YES;
				BUNDLE_LOADER = "$(TEST_HOST)";
				CODE_SIGN_STYLE = Automatic;
				CURRENT_PROJECT_VERSION = 1;
				DEVELOPMENT_TEAM = J5VT592MMS;
				GENERATE_INFOPLIST_FILE = YES;
				IPHONEOS_DEPLOYMENT_TARGET = 16.0;
				MARKETING_VERSION = 1.0;
				PRODUCT_BUNDLE_IDENTIFIER = CLC.rockPaperScissorsTests;
				PRODUCT_NAME = "$(TARGET_NAME)";
				SWIFT_EMIT_LOC_STRINGS = NO;
				SWIFT_VERSION = 5.0;
				TARGETED_DEVICE_FAMILY = "1,2";
				TEST_HOST = "$(BUILT_PRODUCTS_DIR)/rockPaperScissors.app/$(BUNDLE_EXECUTABLE_FOLDER_PATH)/rockPaperScissors";
			};
			name = Release;
		};
		6A4F063F291E852D004D4974 /* Debug */ = {
			isa = XCBuildConfiguration;
			buildSettings = {
				ALWAYS_EMBED_SWIFT_STANDARD_LIBRARIES = YES;
				CODE_SIGN_STYLE = Automatic;
				CURRENT_PROJECT_VERSION = 1;
				DEVELOPMENT_TEAM = J5VT592MMS;
				GENERATE_INFOPLIST_FILE = YES;
				MARKETING_VERSION = 1.0;
				PRODUCT_BUNDLE_IDENTIFIER = CLC.rockPaperScissorsUITests;
				PRODUCT_NAME = "$(TARGET_NAME)";
				SWIFT_EMIT_LOC_STRINGS = NO;
				SWIFT_VERSION = 5.0;
				TARGETED_DEVICE_FAMILY = "1,2";
				TEST_TARGET_NAME = rockPaperScissors;
			};
			name = Debug;
		};
		6A4F0640291E852D004D4974 /* Release */ = {
			isa = XCBuildConfiguration;
			buildSettings = {
				ALWAYS_EMBED_SWIFT_STANDARD_LIBRARIES = YES;
				CODE_SIGN_STYLE = Automatic;
				CURRENT_PROJECT_VERSION = 1;
				DEVELOPMENT_TEAM = J5VT592MMS;
				GENERATE_INFOPLIST_FILE = YES;
				MARKETING_VERSION = 1.0;
				PRODUCT_BUNDLE_IDENTIFIER = CLC.rockPaperScissorsUITests;
				PRODUCT_NAME = "$(TARGET_NAME)";
				SWIFT_EMIT_LOC_STRINGS = NO;
				SWIFT_VERSION = 5.0;
				TARGETED_DEVICE_FAMILY = "1,2";
				TEST_TARGET_NAME = rockPaperScissors;
			};
			name = Release;
		};
/* End XCBuildConfiguration section */

/* Begin XCConfigurationList section */
		6A4F0609291E852B004D4974 /* Build configuration list for PBXProject "rockPaperScissors" */ = {
			isa = XCConfigurationList;
			buildConfigurations = (
				6A4F0636291E852D004D4974 /* Debug */,
				6A4F0637291E852D004D4974 /* Release */,
			);
			defaultConfigurationIsVisible = 0;
			defaultConfigurationName = Release;
		};
		6A4F0638291E852D004D4974 /* Build configuration list for PBXNativeTarget "rockPaperScissors" */ = {
			isa = XCConfigurationList;
			buildConfigurations = (
				6A4F0639291E852D004D4974 /* Debug */,
				6A4F063A291E852D004D4974 /* Release */,
			);
			defaultConfigurationIsVisible = 0;
			defaultConfigurationName = Release;
		};
		6A4F063B291E852D004D4974 /* Build configuration list for PBXNativeTarget "rockPaperScissorsTests" */ = {
			isa = XCConfigurationList;
			buildConfigurations = (
				6A4F063C291E852D004D4974 /* Debug */,
				6A4F063D291E852D004D4974 /* Release */,
			);
			defaultConfigurationIsVisible = 0;
			defaultConfigurationName = Release;
		};
		6A4F063E291E852D004D4974 /* Build configuration list for PBXNativeTarget "rockPaperScissorsUITests" */ = {
			isa = XCConfigurationList;
			buildConfigurations = (
				6A4F063F291E852D004D4974 /* Debug */,
				6A4F0640291E852D004D4974 /* Release */,
			);
			defaultConfigurationIsVisible = 0;
			defaultConfigurationName = Release;
		};
/* End XCConfigurationList section */
	};
	rootObject = 6A4F0606291E852B004D4974 /* Project object */;
}
